
Microsoft Visual Studio Solution File, Format Version 12.00
# Visual Studio Version 17
VisualStudioVersion = 17.3.32901.215
MinimumVisualStudioVersion = 10.0.40219.1
Project("{9A19103F-16F7-4668-BE54-9A1E7A4F7556}") = "LibraryWebApplication", "LibraryWebApplication\LibraryWebApplication.csproj", "{854D77A0-1CF6-4B3A-9A3D-F4D39D3CB53E}"
EndProject
Global
	GlobalSection(SolutionConfigurationPlatforms) = preSolution
		Debug|Any CPU = Debug|Any CPU
		Release|Any CPU = Release|Any CPU
	EndGlobalSection
	GlobalSection(ProjectConfigurationPlatforms) = postSolution
		{854D77A0-1CF6-4B3A-9A3D-F4D39D3CB53E}.Debug|Any CPU.ActiveCfg = Debug|Any CPU
		{854D77A0-1CF6-4B3A-9A3D-F4D39D3CB53E}.Debug|Any CPU.Build.0 = Debug|Any CPU
		{854D77A0-1CF6-4B3A-9A3D-F4D39D3CB53E}.Release|Any CPU.ActiveCfg = Release|Any CPU
		{854D77A0-1CF6-4B3A-9A3D-F4D39D3CB53E}.Release|Any CPU.Build.0 = Release|Any CPU
	EndGlobalSection
	GlobalSection(SolutionProperties) = preSolution
		HideSolutionNode = FALSE
	EndGlobalSection
	GlobalSection(ExtensibilityGlobals) = postSolution
		SolutionGuid = {759FE4CD-3F1B-48EE-A282-6E15EA4F23F8}
	EndGlobalSection
EndGlobal
